{
  "version": 4,
  "terraform_version": "1.4.6",
  "serial": 6,
  "lineage": "d6db87d5-8e00-9e69-f39a-e551b733d0f6",
  "outputs": {},
  "resources": [
    {
      "mode": "managed",
      "type": "azurerm_linux_web_app",
      "name": "webapp",
      "provider": "provider[\"registry.terraform.io/hashicorp/azurerm\"]",
      "instances": [
        {
          "schema_version": 0,
          "attributes": {
            "app_settings": null,
            "auth_settings": [],
            "auth_settings_v2": [],
            "backup": [],
            "client_affinity_enabled": false,
            "client_certificate_enabled": false,
            "client_certificate_exclusion_paths": "",
            "client_certificate_mode": "Required",
            "connection_string": [],
            "custom_domain_verification_id": "E33F897C4C82ABB8F0074809A3526293E26749C4CE3F2C2245F3D9146DBFC0B7",
            "default_hostname": "webapp-69953.azurewebsites.net",
            "enabled": true,
            "hosting_environment_id": "",
            "https_only": true,
            "id": "/subscriptions/107f7f02-cb80-42a9-9774-c45fb6e3a6c6/resourceGroups/myResourceGroup-69953/providers/Microsoft.Web/sites/webapp-69953",
            "identity": [],
            "key_vault_reference_identity_id": "SystemAssigned",
            "kind": "app,linux",
            "location": "eastus",
            "logs": [],
            "name": "webapp-69953",
            "outbound_ip_address_list": [
              "20.241.252.30",
              "20.241.252.91",
              "20.241.252.181",
              "20.241.252.233",
              "20.241.253.39",
              "20.241.253.64",
              "20.119.16.31"
            ],
            "outbound_ip_addresses": "20.241.252.30,20.241.252.91,20.241.252.181,20.241.252.233,20.241.253.39,20.241.253.64,20.119.16.31",
            "possible_outbound_ip_address_list": [
              "20.241.252.30",
              "20.241.252.91",
              "20.241.252.181",
              "20.241.252.233",
              "20.241.253.39",
              "20.241.253.64",
              "20.241.253.144",
              "20.241.253.161",
              "20.241.254.50",
              "20.241.254.52",
              "20.241.254.99",
              "20.241.254.100",
              "20.241.254.197",
              "20.241.254.241",
              "20.241.255.40",
              "20.241.255.56",
              "20.241.255.76",
              "20.241.255.81",
              "20.241.255.137",
              "20.241.255.193",
              "20.241.255.207",
              "20.241.255.210",
              "20.241.255.239",
              "20.253.120.17",
              "20.119.16.31"
            ],
            "possible_outbound_ip_addresses": "20.241.252.30,20.241.252.91,20.241.252.181,20.241.252.233,20.241.253.39,20.241.253.64,20.241.253.144,20.241.253.161,20.241.254.50,20.241.254.52,20.241.254.99,20.241.254.100,20.241.254.197,20.241.254.241,20.241.255.40,20.241.255.56,20.241.255.76,20.241.255.81,20.241.255.137,20.241.255.193,20.241.255.207,20.241.255.210,20.241.255.239,20.253.120.17,20.119.16.31",
            "resource_group_name": "myResourceGroup-69953",
            "service_plan_id": "/subscriptions/107f7f02-cb80-42a9-9774-c45fb6e3a6c6/resourceGroups/myResourceGroup-69953/providers/Microsoft.Web/serverfarms/webapp-asp-69953",
            "site_config": [
              {
                "always_on": true,
                "api_definition_url": "",
                "api_management_api_id": "",
                "app_command_line": "",
                "application_stack": [
                  {
                    "docker_image": "",
                    "docker_image_tag": "",
                    "dotnet_version": "",
                    "go_version": "",
                    "java_server": "",
                    "java_server_version": "",
                    "java_version": "",
                    "node_version": "",
                    "php_version": "",
                    "python_version": "",
                    "ruby_version": ""
                  }
                ],
                "auto_heal_enabled": false,
                "auto_heal_setting": [],
                "container_registry_managed_identity_client_id": "",
                "container_registry_use_managed_identity": false,
                "cors": [],
                "default_documents": [
                  "Default.htm",
                  "Default.html",
                  "Default.asp",
                  "index.htm",
                  "index.html",
                  "iisstart.htm",
                  "default.aspx",
                  "index.php",
                  "hostingstart.html"
                ],
                "detailed_error_logging_enabled": false,
                "ftps_state": "Disabled",
                "health_check_eviction_time_in_min": 0,
                "health_check_path": "",
                "http2_enabled": false,
                "ip_restriction": [],
                "linux_fx_version": "",
                "load_balancing_mode": "LeastRequests",
                "local_mysql_enabled": false,
                "managed_pipeline_mode": "Integrated",
                "minimum_tls_version": "1.2",
                "remote_debugging_enabled": false,
                "remote_debugging_version": "VS2019",
                "scm_ip_restriction": [],
                "scm_minimum_tls_version": "1.2",
                "scm_type": "None",
                "scm_use_main_ip_restriction": false,
                "use_32_bit_worker": true,
                "vnet_route_all_enabled": false,
                "websockets_enabled": false,
                "worker_count": 1
              }
            ],
            "site_credential": [
              {
                "name": "$webapp-69953",
                "password": "M2JJvPhiwPdae5eTa2L6s8Swk3Dl7Q8j3ceuuWgn2ksWbGASA4DtW8W8WGlC"
              }
            ],
            "sticky_settings": [],
            "storage_account": [],
            "tags": null,
            "timeouts": null,
            "virtual_network_subnet_id": "",
            "zip_deploy_file": ""
          },
          "sensitive_attributes": [],
          "private": "eyJlMmJmYjczMC1lY2FhLTExZTYtOGY4OC0zNDM2M2JjN2M0YzAiOnsiY3JlYXRlIjoxODAwMDAwMDAwMDAwLCJkZWxldGUiOjE4MDAwMDAwMDAwMDAsInJlYWQiOjMwMDAwMDAwMDAwMCwidXBkYXRlIjoxODAwMDAwMDAwMDAwfX0=",
          "dependencies": [
            "azurerm_resource_group.rg",
            "azurerm_service_plan.appserviceplan",
            "random_integer.ri"
          ]
        }
      ]
    },
    {
      "mode": "managed",
      "type": "azurerm_resource_group",
      "name": "rg",
      "provider": "provider[\"registry.terraform.io/hashicorp/azurerm\"]",
      "instances": [
        {
          "schema_version": 0,
          "attributes": {
            "id": "/subscriptions/107f7f02-cb80-42a9-9774-c45fb6e3a6c6/resourceGroups/myResourceGroup-69953",
            "location": "eastus",
            "name": "myResourceGroup-69953",
            "tags": null,
            "timeouts": null
          },
          "sensitive_attributes": [],
          "private": "eyJlMmJmYjczMC1lY2FhLTExZTYtOGY4OC0zNDM2M2JjN2M0YzAiOnsiY3JlYXRlIjo1NDAwMDAwMDAwMDAwLCJkZWxldGUiOjU0MDAwMDAwMDAwMDAsInJlYWQiOjMwMDAwMDAwMDAwMCwidXBkYXRlIjo1NDAwMDAwMDAwMDAwfX0=",
          "dependencies": [
            "random_integer.ri"
          ]
        }
      ]
    },
    {
      "mode": "managed",
      "type": "azurerm_service_plan",
      "name": "appserviceplan",
      "provider": "provider[\"registry.terraform.io/hashicorp/azurerm\"]",
      "instances": [
        {
          "schema_version": 0,
          "attributes": {
            "app_service_environment_id": "",
            "id": "/subscriptions/107f7f02-cb80-42a9-9774-c45fb6e3a6c6/resourceGroups/myResourceGroup-69953/providers/Microsoft.Web/serverfarms/webapp-asp-69953",
            "kind": "linux",
            "location": "eastus",
            "maximum_elastic_worker_count": 1,
            "name": "webapp-asp-69953",
            "os_type": "Linux",
            "per_site_scaling_enabled": false,
            "reserved": true,
            "resource_group_name": "myResourceGroup-69953",
            "sku_name": "B1",
            "tags": null,
            "timeouts": null,
            "worker_count": 1,
            "zone_balancing_enabled": false
          },
          "sensitive_attributes": [],
          "private": "eyJlMmJmYjczMC1lY2FhLTExZTYtOGY4OC0zNDM2M2JjN2M0YzAiOnsiY3JlYXRlIjozNjAwMDAwMDAwMDAwLCJkZWxldGUiOjM2MDAwMDAwMDAwMDAsInJlYWQiOjMwMDAwMDAwMDAwMCwidXBkYXRlIjozNjAwMDAwMDAwMDAwfX0=",
          "dependencies": [
            "azurerm_resource_group.rg",
            "random_integer.ri"
          ]
        }
      ]
    },
    {
      "mode": "managed",
      "type": "random_integer",
      "name": "ri",
      "provider": "provider[\"registry.terraform.io/hashicorp/random\"]",
      "instances": [
        {
          "schema_version": 0,
          "attributes": {
            "id": "69953",
            "keepers": null,
            "max": 99999,
            "min": 10000,
            "result": 69953,
            "seed": null
          },
          "sensitive_attributes": []
        }
      ]
    }
  ],
  "check_results": null
}
